// !$*UTF8*$!
{
	archiveVersion = 1;
	classes = {
	};
	objectVersion = 50;
	objects = {

/* Begin PBXBuildFile section */
		C3BB3F55212D600100569CA8 /* AppDelegate.m in Sources */ = {isa = PBXBuildFile; fileRef = C3BB3F54212D600100569CA8 /* AppDelegate.m */; };
		C3BB3F58212D600100569CA8 /* ViewController.m in Sources */ = {isa = PBXBuildFile; fileRef = C3BB3F57212D600100569CA8 /* ViewController.m */; };
		C3BB3F5B212D600100569CA8 /* Main.storyboard in Resources */ = {isa = PBXBuildFile; fileRef = C3BB3F59212D600100569CA8 /* Main.storyboard */; };
		C3BB3F5D212D600500569CA8 /* Assets.xcassets in Resources */ = {isa = PBXBuildFile; fileRef = C3BB3F5C212D600500569CA8 /* Assets.xcassets */; };
		C3BB3F60212D600500569CA8 /* LaunchScreen.storyboard in Resources */ = {isa = PBXBuildFile; fileRef = C3BB3F5E212D600500569CA8 /* LaunchScreen.storyboard */; };
		C3BB3F63212D600500569CA8 /* main.m in Sources */ = {isa = PBXBuildFile; fileRef = C3BB3F62212D600500569CA8 /* main.m */; };
		C3BB3F6C212FA62100569CA8 /* ListNode.m in Sources */ = {isa = PBXBuildFile; fileRef = C3BB3F6B212FA62100569CA8 /* ListNode.m */; };
		C3BB3F6F212FB09400569CA8 /* List.m in Sources */ = {isa = PBXBuildFile; fileRef = C3BB3F6E212FB09400569CA8 /* List.m */; };
/* End PBXBuildFile section */

/* Begin PBXFileReference section */
		C3BB3F50212D600100569CA8 /* Interview.app */ = {isa = PBXFileReference; explicitFileType = wrapper.application; includeInIndex = 0; path = Interview.app; sourceTree = BUILT_PRODUCTS_DIR; };
		C3BB3F53212D600100569CA8 /* AppDelegate.h */ = {isa = PBXFileReference; lastKnownFileType = sourcecode.c.h; path = AppDelegate.h; sourceTree = "<group>"; };
		C3BB3F54212D600100569CA8 /* AppDelegate.m */ = {isa = PBXFileReference; lastKnownFileType = sourcecode.c.objc; path = AppDelegate.m; sourceTree = "<group>"; };
		C3BB3F56212D600100569CA8 /* ViewController.h */ = {isa = PBXFileReference; lastKnownFileType = sourcecode.c.h; path = ViewController.h; sourceTree = "<group>"; };
		C3BB3F57212D600100569CA8 /* ViewController.m */ = {isa = PBXFileReference; lastKnownFileType = sourcecode.c.objc; path = ViewController.m; sourceTree = "<group>"; };
		C3BB3F5A212D600100569CA8 /* Base */ = {isa = PBXFileReference; lastKnownFileType = file.storyboard; name = Base; path = Base.lproj/Main.storyboard; sourceTree = "<group>"; };
		C3BB3F5C212D600500569CA8 /* Assets.xcassets */ = {isa = PBXFileReference; lastKnownFileType = folder.assetcatalog; path = Assets.xcassets; sourceTree = "<group>"; };
		C3BB3F5F212D600500569CA8 /* Base */ = {isa = PBXFileReference; lastKnownFileType = file.storyboard; name = Base; path = Base.lproj/LaunchScreen.storyboard; sourceTree = "<group>"; };
		C3BB3F61212D600500569CA8 /* Info.plist */ = {isa = PBXFileReference; lastKnownFileType = text.plist.xml; path = Info.plist; sourceTree = "<group>"; };
		C3BB3F62212D600500569CA8 /* main.m */ = {isa = PBXFileReference; lastKnownFileType = sourcecode.c.objc; path = main.m; sourceTree = "<group>"; };
		C3BB3F6A212FA62100569CA8 /* ListNode.h */ = {isa = PBXFileReference; lastKnownFileType = sourcecode.c.h; path = ListNode.h; sourceTree = "<group>"; };
		C3BB3F6B212FA62100569CA8 /* ListNode.m */ = {isa = PBXFileReference; lastKnownFileType = sourcecode.c.objc; path = ListNode.m; sourceTree = "<group>"; };
		C3BB3F6D212FB09400569CA8 /* List.h */ = {isa = PBXFileReference; lastKnownFileType = sourcecode.c.h; path = List.h; sourceTree = "<group>"; };
		C3BB3F6E212FB09400569CA8 /* List.m */ = {isa = PBXFileReference; lastKnownFileType = sourcecode.c.objc; path = List.m; sourceTree = "<group>"; };
/* End PBXFileReference section */

/* Begin PBXFrameworksBuildPhase section */
		C3BB3F4D212D600100569CA8 /* Frameworks */ = {
			isa = PBXFrameworksBuildPhase;
			buildActionMask = 2147483647;
			files = (
			);
			runOnlyForDeploymentPostprocessing = 0;
		};
/* End PBXFrameworksBuildPhase section */

/* Begin PBXGroup section */
		C3BB3F47212D600100569CA8 = {
			isa = PBXGroup;
			children = (
				C3BB3F52212D600100569CA8 /* Interview */,
				C3BB3F51212D600100569CA8 /* Products */,
			);
			sourceTree = "<group>";
		};
		C3BB3F51212D600100569CA8 /* Products */ = {
			isa = PBXGroup;
			children = (
				C3BB3F50212D600100569CA8 /* Interview.app */,
			);
			name = Products;
			sourceTree = "<group>";
		};
		C3BB3F52212D600100569CA8 /* Interview */ = {
			isa = PBXGroup;
			children = (
				C3BB3F69212FA5D100569CA8 /* Model */,
				C3BB3F53212D600100569CA8 /* AppDelegate.h */,
				C3BB3F54212D600100569CA8 /* AppDelegate.m */,
				C3BB3F56212D600100569CA8 /* ViewController.h */,
				C3BB3F57212D600100569CA8 /* ViewController.m */,
				C3BB3F59212D600100569CA8 /* Main.storyboard */,
				C3BB3F5C212D600500569CA8 /* Assets.xcassets */,
				C3BB3F5E212D600500569CA8 /* LaunchScreen.storyboard */,
				C3BB3F61212D600500569CA8 /* Info.plist */,
				C3BB3F62212D600500569CA8 /* main.m */,
			);
			path = Interview;
			sourceTree = "<group>";
		};
		C3BB3F69212FA5D100569CA8 /* Model */ = {
			isa = PBXGroup;
			children = (
				C3BB3F6A212FA62100569CA8 /* ListNode.h */,
				C3BB3F6B212FA62100569CA8 /* ListNode.m */,
				C3BB3F6D212FB09400569CA8 /* List.h */,
				C3BB3F6E212FB09400569CA8 /* List.m */,
			);
			path = Model;
			sourceTree = "<group>";
		};
/* End PBXGroup section */

/* Begin PBXNativeTarget section */
		C3BB3F4F212D600100569CA8 /* Interview */ = {
			isa = PBXNativeTarget;
			buildConfigurationList = C3BB3F66212D600500569CA8 /* Build configuration list for PBXNativeTarget "Interview" */;
			buildPhases = (
				C3BB3F4C212D600100569CA8 /* Sources */,
				C3BB3F4D212D600100569CA8 /* Frameworks */,
				C3BB3F4E212D600100569CA8 /* Resources */,
			);
			buildRules = (
			);
			dependencies = (
			);
			name = Interview;
			productName = Interview;
			productReference = C3BB3F50212D600100569CA8 /* Interview.app */;
			productType = "com.apple.product-type.application";
		};
/* End PBXNativeTarget section */

/* Begin PBXProject section */
		C3BB3F48212D600100569CA8 /* Project object */ = {
			isa = PBXProject;
			attributes = {
				LastUpgradeCheck = 0940;
				ORGANIZATIONNAME = "Cao Xueliang";
				TargetAttributes = {
					C3BB3F4F212D600100569CA8 = {
						CreatedOnToolsVersion = 9.4.1;
					};
				};
			};
			buildConfigurationList = C3BB3F4B212D600100569CA8 /* Build configuration list for PBXProject "Interview" */;
			compatibilityVersion = "Xcode 9.3";
			developmentRegion = en;
			hasScannedForEncodings = 0;
			knownRegions = (
				en,
				Base,
			);
			mainGroup = C3BB3F47212D600100569CA8;
			productRefGroup = C3BB3F51212D600100569CA8 /* Products */;
			projectDirPath = "";
			projectRoot = "";
			targets = (
				C3BB3F4F212D600100569CA8 /* Interview */,
			);
		};
/* End PBXProject section */

/* Begin PBXResourcesBuildPhase section */
		C3BB3F4E212D600100569CA8 /* Resources */ = {
			isa = PBXResourcesBuildPhase;
			buildActionMask = 2147483647;
			files = (
				C3BB3F60212D600500569CA8 /* LaunchScreen.storyboard in Resources */,
				C3BB3F5D212D600500569CA8 /* Assets.xcassets in Resources */,
				C3BB3F5B212D600100569CA8 /* Main.storyboard in Resources */,
			);
			runOnlyForDeploymentPostprocessing = 0;
		};
/* End PBXResourcesBuildPhase section */

/* Begin PBXSourcesBuildPhase section */
		C3BB3F4C212D600100569CA8 /* Sources */ = {
			isa = PBXSourcesBuildPhase;
			buildActionMask = 2147483647;
			files = (
				C3BB3F6F212FB09400569CA8 /* List.m in Sources */,
				C3BB3F58212D600100569CA8 /* ViewController.m in Sources */,
				C3BB3F63212D600500569CA8 /* main.m in Sources */,
				C3BB3F55212D600100569CA8 /* AppDelegate.m in Sources */,
				C3BB3F6C212FA62100569CA8 /* ListNode.m in Sources */,
			);
			runOnlyForDeploymentPostprocessing = 0;
		};
/* End PBXSourcesBuildPhase section */

/* Begin PBXVariantGroup section */
		C3BB3F59212D600100569CA8 /* Main.storyboard */ = {
			isa = PBXVariantGroup;
			children = (
				C3BB3F5A212D600100569CA8 /* Base */,
			);
			name = Main.storyboard;
			sourceTree = "<group>";
		};
		C3BB3F5E212D600500569CA8 /* LaunchScreen.storyboard */ = {
			isa = PBXVariantGroup;
			children = (
				C3BB3F5F212D600500569CA8 /* Base */,
			);
			name = LaunchScreen.storyboard;
			sourceTree = "<group>";
		};
/* End PBXVariantGroup section */

/* Begin XCBuildConfiguration section */
		C3BB3F64212D600500569CA8 /* Debug */ = {
			isa = XCBuildConfiguration;
			buildSettings = {
				ALWAYS_SEARCH_USER_PATHS = NO;
				CLANG_ANALYZER_NONNULL = YES;
				CLANG_ANALYZER_NUMBER_OBJECT_CONVERSION = YES_AGGRESSIVE;
				CLANG_CXX_LANGUAGE_STANDARD = "gnu++14";
				CLANG_CXX_LIBRARY = "libc++";
				CLANG_ENABLE_MODULES = YES;
				CLANG_ENABLE_OBJC_ARC = YES;
				CLANG_ENABLE_OBJC_WEAK = YES;
				CLANG_WARN_BLOCK_CAPTURE_AUTORELEASING = YES;
				CLANG_WARN_BOOL_CONVERSION = YES;
				CLANG_WARN_COMMA = YES;
				CLANG_WARN_CONSTANT_CONVERSION = YES;
				CLANG_WARN_DEPRECATED_OBJC_IMPLEMENTATIONS = YES;
				CLANG_WARN_DIRECT_OBJC_ISA_USAGE = YES_ERROR;
				CLANG_WARN_DOCUMENTATION_COMMENTS = YES;
				CLANG_WARN_EMPTY_BODY = YES;
				CLANG_WARN_ENUM_CONVERSION = YES;
				CLANG_WARN_INFINITE_RECURSION = YES;
				CLANG_WARN_INT_CONVERSION = YES;
				CLANG_WARN_NON_LITERAL_NULL_CONVERSION = YES;
				CLANG_WARN_OBJC_IMPLICIT_RETAIN_SELF = YES;
				CLANG_WARN_OBJC_LITERAL_CONVERSION = YES;
				CLANG_WARN_OBJC_ROOT_CLASS = YES_ERROR;
				CLANG_WARN_RANGE_LOOP_ANALYSIS = YES;
				CLANG_WARN_STRICT_PROTOTYPES = YES;
				CLANG_WARN_SUSPICIOUS_MOVE = YES;
				CLANG_WARN_UNGUARDED_AVAILABILITY = YES_AGGRESSIVE;
				CLANG_WARN_UNREACHABLE_CODE = YES;
				CLANG_WARN__DUPLICATE_METHOD_MATCH = YES;
				CODE_SIGN_IDENTITY = "iPhone Developer";
				COPY_PHASE_STRIP = NO;
				DEBUG_INFORMATION_FORMAT = dwarf;
				ENABLE_STRICT_OBJC_MSGSEND = YES;
				ENABLE_TESTABILITY = YES;
				GCC_C_LANGUAGE_STANDARD = gnu11;
				GCC_DYNAMIC_NO_PIC = NO;
				GCC_NO_COMMON_BLOCKS = YES;
				GCC_OPTIMIZATION_LEVEL = 0;
				GCC_PREPROCESSOR_DEFINITIONS = (
					"DEBUG=1",
					"$(inherited)",
				);
				GCC_WARN_64_TO_32_BIT_CONVERSION = YES;
				GCC_WARN_ABOUT_RETURN_TYPE = YES_ERROR;
				GCC_WARN_UNDECLARED_SELECTOR = YES;
				GCC_WARN_UNINITIALIZED_AUTOS = YES_AGGRESSIVE;
				GCC_WARN_UNUSED_FUNCTION = YES;
				GCC_WARN_UNUSED_VARIABLE = YES;
				IPHONEOS_DEPLOYMENT_TARGET = 11.4;
				MTL_ENABLE_DEBUG_INFO = YES;
				ONLY_ACTIVE_ARCH = YES;
				SDKROOT = iphoneos;
			};
			name = Debug;
		};
		C3BB3F65212D600500569CA8 /* Release */ = {
			isa = XCBuildConfiguration;
			buildSettings = {
				ALWAYS_SEARCH_USER_PATHS = NO;
				CLANG_ANALYZER_NONNULL = YES;
				CLANG_ANALYZER_NUMBER_OBJECT_CONVERSION = YES_AGGRESSIVE;
				CLANG_CXX_LANGUAGE_STANDARD = "gnu++14";
				CLANG_CXX_LIBRARY = "libc++";
				CLANG_ENABLE_MODULES = YES;
				CLANG_ENABLE_OBJC_ARC = YES;
				CLANG_ENABLE_OBJC_WEAK = YES;
				CLANG_WARN_BLOCK_CAPTURE_AUTORELEASING = YES;
				CLANG_WARN_BOOL_CONVERSION = YES;
				CLANG_WARN_COMMA = YES;
				CLANG_WARN_CONSTANT_CONVERSION = YES;
				CLANG_WARN_DEPRECATED_OBJC_IMPLEMENTATIONS = YES;
				CLANG_WARN_DIRECT_OBJC_ISA_USAGE = YES_ERROR;
				CLANG_WARN_DOCUMENTATION_COMMENTS = YES;
				CLANG_WARN_EMPTY_BODY = YES;
				CLANG_WARN_ENUM_CONVERSION = YES;
				CLANG_WARN_INFINITE_RECURSION = YES;
				CLANG_WARN_INT_CONVERSION = YES;
				CLANG_WARN_NON_LITERAL_NULL_CONVERSION = YES;
				CLANG_WARN_OBJC_IMPLICIT_RETAIN_SELF = YES;
				CLANG_WARN_OBJC_LITERAL_CONVERSION = YES;
				CLANG_WARN_OBJC_ROOT_CLASS = YES_ERROR;
				CLANG_WARN_RANGE_LOOP_ANALYSIS = YES;
				CLANG_WARN_STRICT_PROTOTYPES = YES;
				CLANG_WARN_SUSPICIOUS_MOVE = YES;
				CLANG_WARN_UNGUARDED_AVAILABILITY = YES_AGGRESSIVE;
				CLANG_WARN_UNREACHABLE_CODE = YES;
				CLANG_WARN__DUPLICATE_METHOD_MATCH = YES;
				CODE_SIGN_IDENTITY = "iPhone Developer";
				COPY_PHASE_STRIP = NO;
				DEBUG_INFORMATION_FORMAT = "dwarf-with-dsym";
				ENABLE_NS_ASSERTIONS = NO;
				ENABLE_STRICT_OBJC_MSGSEND = YES;
				GCC_C_LANGUAGE_STANDARD = gnu11;
				GCC_NO_COMMON_BLOCKS = YES;
				GCC_WARN_64_TO_32_BIT_CONVERSION = YES;
				GCC_WARN_ABOUT_RETURN_TYPE = YES_ERROR;
				GCC_WARN_UNDECLARED_SELECTOR = YES;
				GCC_WARN_UNINITIALIZED_AUTOS = YES_AGGRESSIVE;
				GCC_WARN_UNUSED_FUNCTION = YES;
				GCC_WARN_UNUSED_VARIABLE = YES;
				IPHONEOS_DEPLOYMENT_TARGET = 11.4;
				MTL_ENABLE_DEBUG_INFO = NO;
				SDKROOT = iphoneos;
				VALIDATE_PRODUCT = YES;
			};
			name = Release;
		};
		C3BB3F67212D600500569CA8 /* Debug */ = {
			isa = XCBuildConfiguration;
			buildSettings = {
				ASSETCATALOG_COMPILER_APPICON_NAME = AppIcon;
				CODE_SIGN_IDENTITY = "iPhone Developer";
				CODE_SIGN_STYLE = Automatic;
				DEVELOPMENT_TEAM = AWBA2L5NNX;
				INFOPLIST_FILE = Interview/Info.plist;
				LD_RUNPATH_SEARCH_PATHS = (
					"$(inherited)",
					"@executable_path/Frameworks",
				);
				PRODUCT_BUNDLE_IDENTIFIER = CaoXueLiang.Interview;
				PRODUCT_NAME = "$(TARGET_NAME)";
				PROVISIONING_PROFILE_SPECIFIER = "";
				TARGETED_DEVICE_FAMILY = "1,2";
			};
			name = Debug;
		};
		C3BB3F68212D600500569CA8 /* Release */ = {
			isa = XCBuildConfiguration;
			buildSettings = {
				ASSETCATALOG_COMPILER_APPICON_NAME = AppIcon;
				CODE_SIGN_IDENTITY = "iPhone Developer";
				CODE_SIGN_STYLE = Automatic;
				DEVELOPMENT_TEAM = AWBA2L5NNX;
				INFOPLIST_FILE = Interview/Info.plist;
				LD_RUNPATH_SEARCH_PATHS = (
					"$(inherited)",
					"@executable_path/Frameworks",
				);
				PRODUCT_BUNDLE_IDENTIFIER = CaoXueLiang.Interview;
				PRODUCT_NAME = "$(TARGET_NAME)";
				PROVISIONING_PROFILE_SPECIFIER = "";
				TARGETED_DEVICE_FAMILY = "1,2";
			};
			name = Release;
		};
/* End XCBuildConfiguration section */

/* Begin XCConfigurationList section */
		C3BB3F4B212D600100569CA8 /* Build configuration list for PBXProject "Interview" */ = {
			isa = XCConfigurationList;
			buildConfigurations = (
				C3BB3F64212D600500569CA8 /* Debug */,
				C3BB3F65212D600500569CA8 /* Release */,
			);
			defaultConfigurationIsVisible = 0;
			defaultConfigurationName = Release;
		};
		C3BB3F66212D600500569CA8 /* Build configuration list for PBXNativeTarget "Interview" */ = {
			isa = XCConfigurationList;
			buildConfigurations = (
				C3BB3F67212D600500569CA8 /* Debug */,
				C3BB3F68212D600500569CA8 /* Release */,
			);
			defaultConfigurationIsVisible = 0;
			defaultConfigurationName = Release;
		};
/* End XCConfigurationList section */
	};
	rootObject = C3BB3F48212D600100569CA8 /* Project object */;
}
