// !$*UTF8*$!
{
	archiveVersion = 1;
	classes = {
	};
	objectVersion = 48;
	objects = {

/* Begin PBXBuildFile section */
		C30353452067940600975A6A /* CXLPerson.m in Sources */ = {isa = PBXBuildFile; fileRef = C30353442067940600975A6A /* CXLPerson.m */; };
		C3370F872060124E00A527F9 /* CXLAlertView.m in Sources */ = {isa = PBXBuildFile; fileRef = C3370F862060124E00A527F9 /* CXLAlertView.m */; };
		C3FF67461FF27EB7005185B4 /* AppDelegate.m in Sources */ = {isa = PBXBuildFile; fileRef = C3FF67451FF27EB7005185B4 /* AppDelegate.m */; };
		C3FF67491FF27EB7005185B4 /* ViewController.m in Sources */ = {isa = PBXBuildFile; fileRef = C3FF67481FF27EB7005185B4 /* ViewController.m */; };
		C3FF674E1FF27EB7005185B4 /* Assets.xcassets in Resources */ = {isa = PBXBuildFile; fileRef = C3FF674D1FF27EB7005185B4 /* Assets.xcassets */; };
		C3FF67541FF27EB7005185B4 /* main.m in Sources */ = {isa = PBXBuildFile; fileRef = C3FF67531FF27EB7005185B4 /* main.m */; };
		C3FF67781FF28B15005185B4 /* CXLAnimationView.m in Sources */ = {isa = PBXBuildFile; fileRef = C3FF67771FF28B15005185B4 /* CXLAnimationView.m */; };
		C3FF677B1FF28E16005185B4 /* CXLLogin.m in Sources */ = {isa = PBXBuildFile; fileRef = C3FF677A1FF28E16005185B4 /* CXLLogin.m */; };
/* End PBXBuildFile section */

/* Begin PBXFileReference section */
		C30353432067940600975A6A /* CXLPerson.h */ = {isa = PBXFileReference; lastKnownFileType = sourcecode.c.h; path = CXLPerson.h; sourceTree = "<group>"; };
		C30353442067940600975A6A /* CXLPerson.m */ = {isa = PBXFileReference; lastKnownFileType = sourcecode.c.objc; path = CXLPerson.m; sourceTree = "<group>"; };
		C3370F852060124E00A527F9 /* CXLAlertView.h */ = {isa = PBXFileReference; lastKnownFileType = sourcecode.c.h; path = CXLAlertView.h; sourceTree = "<group>"; };
		C3370F862060124E00A527F9 /* CXLAlertView.m */ = {isa = PBXFileReference; lastKnownFileType = sourcecode.c.objc; path = CXLAlertView.m; sourceTree = "<group>"; };
		C3FF67411FF27EB7005185B4 /* EffectiveObjective-C2.0.app */ = {isa = PBXFileReference; explicitFileType = wrapper.application; includeInIndex = 0; path = "EffectiveObjective-C2.0.app"; sourceTree = BUILT_PRODUCTS_DIR; };
		C3FF67441FF27EB7005185B4 /* AppDelegate.h */ = {isa = PBXFileReference; lastKnownFileType = sourcecode.c.h; path = AppDelegate.h; sourceTree = "<group>"; };
		C3FF67451FF27EB7005185B4 /* AppDelegate.m */ = {isa = PBXFileReference; lastKnownFileType = sourcecode.c.objc; path = AppDelegate.m; sourceTree = "<group>"; };
		C3FF67471FF27EB7005185B4 /* ViewController.h */ = {isa = PBXFileReference; lastKnownFileType = sourcecode.c.h; path = ViewController.h; sourceTree = "<group>"; };
		C3FF67481FF27EB7005185B4 /* ViewController.m */ = {isa = PBXFileReference; lastKnownFileType = sourcecode.c.objc; path = ViewController.m; sourceTree = "<group>"; };
		C3FF674D1FF27EB7005185B4 /* Assets.xcassets */ = {isa = PBXFileReference; lastKnownFileType = folder.assetcatalog; path = Assets.xcassets; sourceTree = "<group>"; };
		C3FF67521FF27EB7005185B4 /* Info.plist */ = {isa = PBXFileReference; lastKnownFileType = text.plist.xml; path = Info.plist; sourceTree = "<group>"; };
		C3FF67531FF27EB7005185B4 /* main.m */ = {isa = PBXFileReference; lastKnownFileType = sourcecode.c.objc; path = main.m; sourceTree = "<group>"; };
		C3FF67761FF28B15005185B4 /* CXLAnimationView.h */ = {isa = PBXFileReference; lastKnownFileType = sourcecode.c.h; path = CXLAnimationView.h; sourceTree = "<group>"; };
		C3FF67771FF28B15005185B4 /* CXLAnimationView.m */ = {isa = PBXFileReference; lastKnownFileType = sourcecode.c.objc; path = CXLAnimationView.m; sourceTree = "<group>"; };
		C3FF67791FF28E16005185B4 /* CXLLogin.h */ = {isa = PBXFileReference; lastKnownFileType = sourcecode.c.h; path = CXLLogin.h; sourceTree = "<group>"; };
		C3FF677A1FF28E16005185B4 /* CXLLogin.m */ = {isa = PBXFileReference; lastKnownFileType = sourcecode.c.objc; path = CXLLogin.m; sourceTree = "<group>"; };
/* End PBXFileReference section */

/* Begin PBXFrameworksBuildPhase section */
		C3FF673E1FF27EB7005185B4 /* Frameworks */ = {
			isa = PBXFrameworksBuildPhase;
			buildActionMask = 2147483647;
			files = (
			);
			runOnlyForDeploymentPostprocessing = 0;
		};
/* End PBXFrameworksBuildPhase section */

/* Begin PBXGroup section */
		C3370F842060123300A527F9 /* Common */ = {
			isa = PBXGroup;
			children = (
				C3370F852060124E00A527F9 /* CXLAlertView.h */,
				C3370F862060124E00A527F9 /* CXLAlertView.m */,
				C30353432067940600975A6A /* CXLPerson.h */,
				C30353442067940600975A6A /* CXLPerson.m */,
			);
			path = Common;
			sourceTree = "<group>";
		};
		C3FF67381FF27EB7005185B4 = {
			isa = PBXGroup;
			children = (
				C3FF67431FF27EB7005185B4 /* EffectiveObjective-C2.0 */,
				C3FF67421FF27EB7005185B4 /* Products */,
			);
			sourceTree = "<group>";
		};
		C3FF67421FF27EB7005185B4 /* Products */ = {
			isa = PBXGroup;
			children = (
				C3FF67411FF27EB7005185B4 /* EffectiveObjective-C2.0.app */,
			);
			name = Products;
			sourceTree = "<group>";
		};
		C3FF67431FF27EB7005185B4 /* EffectiveObjective-C2.0 */ = {
			isa = PBXGroup;
			children = (
				C3370F842060123300A527F9 /* Common */,
				C3FF67441FF27EB7005185B4 /* AppDelegate.h */,
				C3FF67451FF27EB7005185B4 /* AppDelegate.m */,
				C3FF67471FF27EB7005185B4 /* ViewController.h */,
				C3FF67481FF27EB7005185B4 /* ViewController.m */,
				C3FF674D1FF27EB7005185B4 /* Assets.xcassets */,
				C3FF67521FF27EB7005185B4 /* Info.plist */,
				C3FF67531FF27EB7005185B4 /* main.m */,
				C3FF67761FF28B15005185B4 /* CXLAnimationView.h */,
				C3FF67771FF28B15005185B4 /* CXLAnimationView.m */,
				C3FF67791FF28E16005185B4 /* CXLLogin.h */,
				C3FF677A1FF28E16005185B4 /* CXLLogin.m */,
			);
			path = "EffectiveObjective-C2.0";
			sourceTree = "<group>";
		};
/* End PBXGroup section */

/* Begin PBXNativeTarget section */
		C3FF67401FF27EB7005185B4 /* EffectiveObjective-C2.0 */ = {
			isa = PBXNativeTarget;
			buildConfigurationList = C3FF676D1FF27EB7005185B4 /* Build configuration list for PBXNativeTarget "EffectiveObjective-C2.0" */;
			buildPhases = (
				C3FF673D1FF27EB7005185B4 /* Sources */,
				C3FF673E1FF27EB7005185B4 /* Frameworks */,
				C3FF673F1FF27EB7005185B4 /* Resources */,
			);
			buildRules = (
			);
			dependencies = (
			);
			name = "EffectiveObjective-C2.0";
			productName = "EffectiveObjective-C2.0";
			productReference = C3FF67411FF27EB7005185B4 /* EffectiveObjective-C2.0.app */;
			productType = "com.apple.product-type.application";
		};
/* End PBXNativeTarget section */

/* Begin PBXProject section */
		C3FF67391FF27EB7005185B4 /* Project object */ = {
			isa = PBXProject;
			attributes = {
				LastUpgradeCheck = 0910;
				ORGANIZATIONNAME = "Cao Xueliang";
				TargetAttributes = {
					C3FF67401FF27EB7005185B4 = {
						CreatedOnToolsVersion = 9.1;
						ProvisioningStyle = Automatic;
					};
				};
			};
			buildConfigurationList = C3FF673C1FF27EB7005185B4 /* Build configuration list for PBXProject "EffectiveObjective-C2.0" */;
			compatibilityVersion = "Xcode 8.0";
			developmentRegion = en;
			hasScannedForEncodings = 0;
			knownRegions = (
				en,
				Base,
			);
			mainGroup = C3FF67381FF27EB7005185B4;
			productRefGroup = C3FF67421FF27EB7005185B4 /* Products */;
			projectDirPath = "";
			projectRoot = "";
			targets = (
				C3FF67401FF27EB7005185B4 /* EffectiveObjective-C2.0 */,
			);
		};
/* End PBXProject section */

/* Begin PBXResourcesBuildPhase section */
		C3FF673F1FF27EB7005185B4 /* Resources */ = {
			isa = PBXResourcesBuildPhase;
			buildActionMask = 2147483647;
			files = (
				C3FF674E1FF27EB7005185B4 /* Assets.xcassets in Resources */,
			);
			runOnlyForDeploymentPostprocessing = 0;
		};
/* End PBXResourcesBuildPhase section */

/* Begin PBXSourcesBuildPhase section */
		C3FF673D1FF27EB7005185B4 /* Sources */ = {
			isa = PBXSourcesBuildPhase;
			buildActionMask = 2147483647;
			files = (
				C30353452067940600975A6A /* CXLPerson.m in Sources */,
				C3FF67491FF27EB7005185B4 /* ViewController.m in Sources */,
				C3370F872060124E00A527F9 /* CXLAlertView.m in Sources */,
				C3FF677B1FF28E16005185B4 /* CXLLogin.m in Sources */,
				C3FF67541FF27EB7005185B4 /* main.m in Sources */,
				C3FF67461FF27EB7005185B4 /* AppDelegate.m in Sources */,
				C3FF67781FF28B15005185B4 /* CXLAnimationView.m in Sources */,
			);
			runOnlyForDeploymentPostprocessing = 0;
		};
/* End PBXSourcesBuildPhase section */

/* Begin XCBuildConfiguration section */
		C3FF676B1FF27EB7005185B4 /* Debug */ = {
			isa = XCBuildConfiguration;
			buildSettings = {
				ALWAYS_SEARCH_USER_PATHS = NO;
				CLANG_ANALYZER_NONNULL = YES;
				CLANG_ANALYZER_NUMBER_OBJECT_CONVERSION = YES_AGGRESSIVE;
				CLANG_CXX_LANGUAGE_STANDARD = "gnu++14";
				CLANG_CXX_LIBRARY = "libc++";
				CLANG_ENABLE_MODULES = YES;
				CLANG_ENABLE_OBJC_ARC = YES;
				CLANG_WARN_BLOCK_CAPTURE_AUTORELEASING = YES;
				CLANG_WARN_BOOL_CONVERSION = YES;
				CLANG_WARN_COMMA = YES;
				CLANG_WARN_CONSTANT_CONVERSION = YES;
				CLANG_WARN_DIRECT_OBJC_ISA_USAGE = YES_ERROR;
				CLANG_WARN_DOCUMENTATION_COMMENTS = YES;
				CLANG_WARN_EMPTY_BODY = YES;
				CLANG_WARN_ENUM_CONVERSION = YES;
				CLANG_WARN_INFINITE_RECURSION = YES;
				CLANG_WARN_INT_CONVERSION = YES;
				CLANG_WARN_NON_LITERAL_NULL_CONVERSION = YES;
				CLANG_WARN_OBJC_LITERAL_CONVERSION = YES;
				CLANG_WARN_OBJC_ROOT_CLASS = YES_ERROR;
				CLANG_WARN_RANGE_LOOP_ANALYSIS = YES;
				CLANG_WARN_STRICT_PROTOTYPES = YES;
				CLANG_WARN_SUSPICIOUS_MOVE = YES;
				CLANG_WARN_UNGUARDED_AVAILABILITY = YES_AGGRESSIVE;
				CLANG_WARN_UNREACHABLE_CODE = YES;
				CLANG_WARN__DUPLICATE_METHOD_MATCH = YES;
				CODE_SIGN_IDENTITY = "iPhone Developer";
				COPY_PHASE_STRIP = NO;
				DEBUG_INFORMATION_FORMAT = dwarf;
				ENABLE_STRICT_OBJC_MSGSEND = YES;
				ENABLE_TESTABILITY = YES;
				GCC_C_LANGUAGE_STANDARD = gnu11;
				GCC_DYNAMIC_NO_PIC = NO;
				GCC_NO_COMMON_BLOCKS = YES;
				GCC_OPTIMIZATION_LEVEL = 0;
				GCC_PREPROCESSOR_DEFINITIONS = (
					"DEBUG=1",
					"$(inherited)",
				);
				GCC_WARN_64_TO_32_BIT_CONVERSION = YES;
				GCC_WARN_ABOUT_RETURN_TYPE = YES_ERROR;
				GCC_WARN_UNDECLARED_SELECTOR = YES;
				GCC_WARN_UNINITIALIZED_AUTOS = YES_AGGRESSIVE;
				GCC_WARN_UNUSED_FUNCTION = YES;
				GCC_WARN_UNUSED_VARIABLE = YES;
				IPHONEOS_DEPLOYMENT_TARGET = 10.0;
				MTL_ENABLE_DEBUG_INFO = YES;
				ONLY_ACTIVE_ARCH = YES;
				SDKROOT = iphoneos;
			};
			name = Debug;
		};
		C3FF676C1FF27EB7005185B4 /* Release */ = {
			isa = XCBuildConfiguration;
			buildSettings = {
				ALWAYS_SEARCH_USER_PATHS = NO;
				CLANG_ANALYZER_NONNULL = YES;
				CLANG_ANALYZER_NUMBER_OBJECT_CONVERSION = YES_AGGRESSIVE;
				CLANG_CXX_LANGUAGE_STANDARD = "gnu++14";
				CLANG_CXX_LIBRARY = "libc++";
				CLANG_ENABLE_MODULES = YES;
				CLANG_ENABLE_OBJC_ARC = YES;
				CLANG_WARN_BLOCK_CAPTURE_AUTORELEASING = YES;
				CLANG_WARN_BOOL_CONVERSION = YES;
				CLANG_WARN_COMMA = YES;
				CLANG_WARN_CONSTANT_CONVERSION = YES;
				CLANG_WARN_DIRECT_OBJC_ISA_USAGE = YES_ERROR;
				CLANG_WARN_DOCUMENTATION_COMMENTS = YES;
				CLANG_WARN_EMPTY_BODY = YES;
				CLANG_WARN_ENUM_CONVERSION = YES;
				CLANG_WARN_INFINITE_RECURSION = YES;
				CLANG_WARN_INT_CONVERSION = YES;
				CLANG_WARN_NON_LITERAL_NULL_CONVERSION = YES;
				CLANG_WARN_OBJC_LITERAL_CONVERSION = YES;
				CLANG_WARN_OBJC_ROOT_CLASS = YES_ERROR;
				CLANG_WARN_RANGE_LOOP_ANALYSIS = YES;
				CLANG_WARN_STRICT_PROTOTYPES = YES;
				CLANG_WARN_SUSPICIOUS_MOVE = YES;
				CLANG_WARN_UNGUARDED_AVAILABILITY = YES_AGGRESSIVE;
				CLANG_WARN_UNREACHABLE_CODE = YES;
				CLANG_WARN__DUPLICATE_METHOD_MATCH = YES;
				CODE_SIGN_IDENTITY = "iPhone Developer";
				COPY_PHASE_STRIP = NO;
				DEBUG_INFORMATION_FORMAT = "dwarf-with-dsym";
				ENABLE_NS_ASSERTIONS = NO;
				ENABLE_STRICT_OBJC_MSGSEND = YES;
				GCC_C_LANGUAGE_STANDARD = gnu11;
				GCC_NO_COMMON_BLOCKS = YES;
				GCC_WARN_64_TO_32_BIT_CONVERSION = YES;
				GCC_WARN_ABOUT_RETURN_TYPE = YES_ERROR;
				GCC_WARN_UNDECLARED_SELECTOR = YES;
				GCC_WARN_UNINITIALIZED_AUTOS = YES_AGGRESSIVE;
				GCC_WARN_UNUSED_FUNCTION = YES;
				GCC_WARN_UNUSED_VARIABLE = YES;
				IPHONEOS_DEPLOYMENT_TARGET = 10.0;
				MTL_ENABLE_DEBUG_INFO = NO;
				SDKROOT = iphoneos;
				VALIDATE_PRODUCT = YES;
			};
			name = Release;
		};
		C3FF676E1FF27EB7005185B4 /* Debug */ = {
			isa = XCBuildConfiguration;
			buildSettings = {
				ASSETCATALOG_COMPILER_APPICON_NAME = AppIcon;
				CODE_SIGN_STYLE = Automatic;
				DEVELOPMENT_TEAM = 49YMBTW8W3;
				INFOPLIST_FILE = "EffectiveObjective-C2.0/Info.plist";
				IPHONEOS_DEPLOYMENT_TARGET = 8.0;
				LD_RUNPATH_SEARCH_PATHS = "$(inherited) @executable_path/Frameworks";
				PRODUCT_BUNDLE_IDENTIFIER = "CaoXueLiang.EffectiveObjective-C2-0";
				PRODUCT_NAME = "$(TARGET_NAME)";
				TARGETED_DEVICE_FAMILY = "1,2";
			};
			name = Debug;
		};
		C3FF676F1FF27EB7005185B4 /* Release */ = {
			isa = XCBuildConfiguration;
			buildSettings = {
				ASSETCATALOG_COMPILER_APPICON_NAME = AppIcon;
				CODE_SIGN_STYLE = Automatic;
				DEVELOPMENT_TEAM = 49YMBTW8W3;
				INFOPLIST_FILE = "EffectiveObjective-C2.0/Info.plist";
				IPHONEOS_DEPLOYMENT_TARGET = 8.0;
				LD_RUNPATH_SEARCH_PATHS = "$(inherited) @executable_path/Frameworks";
				PRODUCT_BUNDLE_IDENTIFIER = "CaoXueLiang.EffectiveObjective-C2-0";
				PRODUCT_NAME = "$(TARGET_NAME)";
				TARGETED_DEVICE_FAMILY = "1,2";
			};
			name = Release;
		};
/* End XCBuildConfiguration section */

/* Begin XCConfigurationList section */
		C3FF673C1FF27EB7005185B4 /* Build configuration list for PBXProject "EffectiveObjective-C2.0" */ = {
			isa = XCConfigurationList;
			buildConfigurations = (
				C3FF676B1FF27EB7005185B4 /* Debug */,
				C3FF676C1FF27EB7005185B4 /* Release */,
			);
			defaultConfigurationIsVisible = 0;
			defaultConfigurationName = Release;
		};
		C3FF676D1FF27EB7005185B4 /* Build configuration list for PBXNativeTarget "EffectiveObjective-C2.0" */ = {
			isa = XCConfigurationList;
			buildConfigurations = (
				C3FF676E1FF27EB7005185B4 /* Debug */,
				C3FF676F1FF27EB7005185B4 /* Release */,
			);
			defaultConfigurationIsVisible = 0;
			defaultConfigurationName = Release;
		};
/* End XCConfigurationList section */
	};
	rootObject = C3FF67391FF27EB7005185B4 /* Project object */;
}
